
Microsoft Visual Studio Solution File, Format Version 12.00
# Visual Studio Version 17
VisualStudioVersion = 17.1.32328.378
MinimumVisualStudioVersion = 10.0.40219.1
Project("{FAE04EC0-301F-11D3-BF4B-00C04F79EFBC}") = "DnDHelper", "DnDHelper\DnDHelper.csproj", "{2CD0BF68-D531-459B-9B33-D883E8D468F0}"
EndProject
Project("{2150E333-8FDC-42A3-9474-1A3956D46DE8}") = "ConsoleApp", "ConsoleApp", "{4477B145-AA3D-4C44-ADAA-9E697744C770}"
EndProject
Global
	GlobalSection(SolutionConfigurationPlatforms) = preSolution
		Debug|Any CPU = Debug|Any CPU
		Release|Any CPU = Release|Any CPU
	EndGlobalSection
	GlobalSection(ProjectConfigurationPlatforms) = postSolution
		{2CD0BF68-D531-459B-9B33-D883E8D468F0}.Debug|Any CPU.ActiveCfg = Debug|Any CPU
		{2CD0BF68-D531-459B-9B33-D883E8D468F0}.Debug|Any CPU.Build.0 = Debug|Any CPU
		{2CD0BF68-D531-459B-9B33-D883E8D468F0}.Release|Any CPU.ActiveCfg = Release|Any CPU
		{2CD0BF68-D531-459B-9B33-D883E8D468F0}.Release|Any CPU.Build.0 = Release|Any CPU
	EndGlobalSection
	GlobalSection(SolutionProperties) = preSolution
		HideSolutionNode = FALSE
	EndGlobalSection
	GlobalSection(NestedProjects) = preSolution
		{2CD0BF68-D531-459B-9B33-D883E8D468F0} = {4477B145-AA3D-4C44-ADAA-9E697744C770}
	EndGlobalSection
	GlobalSection(ExtensibilityGlobals) = postSolution
		SolutionGuid = {855C3FAB-7FD9-4EE2-98B6-A9F901DE9D69}
	EndGlobalSection
EndGlobal
